// !$*UTF8*$!
{
	archiveVersion = 1;
	classes = {
	};
	objectVersion = 56;
	objects = {

/* Begin PBXBuildFile section */
		082058A62A1BC820006FAA92 /* Config.swift in Sources */ = {isa = PBXBuildFile; fileRef = 082058A52A1BC820006FAA92 /* Config.swift */; };
		084A535B29E31373002A13CD /* JoyStickBackgroundView.swift in Sources */ = {isa = PBXBuildFile; fileRef = 084A535A29E31373002A13CD /* JoyStickBackgroundView.swift */; };
		084A536329E3553D002A13CD /* JoyStickMiddleKnobView.swift in Sources */ = {isa = PBXBuildFile; fileRef = 084A536229E3553D002A13CD /* JoyStickMiddleKnobView.swift */; };
		084A536729E35612002A13CD /* JoyStickKnobShadowView.swift in Sources */ = {isa = PBXBuildFile; fileRef = 084A536629E35612002A13CD /* JoyStickKnobShadowView.swift */; };
		084A536C29E35713002A13CD /* KnobView.swift in Sources */ = {isa = PBXBuildFile; fileRef = 084A536B29E35713002A13CD /* KnobView.swift */; };
		084A536E29E35750002A13CD /* KnobTopCircles.swift in Sources */ = {isa = PBXBuildFile; fileRef = 084A536D29E35750002A13CD /* KnobTopCircles.swift */; };
		0838EA1029F2A71300491B9A /* AutoMoveButtonView.swift in Sources */ = {isa = PBXBuildFile; fileRef = 0838EA0F29F2A71300491B9A /* AutoMoveButtonView.swift */; };
		0838EA1229F2A71B00491B9A /* LeftRightArrowsView.swift in Sources */ = {isa = PBXBuildFile; fileRef = 0838EA1129F2A71B00491B9A /* LeftRightArrowsView.swift */; };
		0838EA1429F2A72500491B9A /* UpDownArrowsView.swift in Sources */ = {isa = PBXBuildFile; fileRef = 0838EA1329F2A72500491B9A /* UpDownArrowsView.swift */; };
		0838EA1729F2B17400491B9A /* WebSocketClientSide.swift in Sources */ = {isa = PBXBuildFile; fileRef = 0838EA1629F2B17400491B9A /* WebSocketClientSide.swift */; };
		088920E929F6ACBE0097EE30 /* IdleStateTracker.swift in Sources */ = {isa = PBXBuildFile; fileRef = 088920E829F6ACBE0097EE30 /* IdleStateTracker.swift */; };
		088920EB29F7F5000097EE30 /* AutoMoveState.swift in Sources */ = {isa = PBXBuildFile; fileRef = 088920EA29F7F5000097EE30 /* AutoMoveState.swift */; };
		089F1FDE29DDBBEA0017F476 /* Group_8_appApp.swift in Sources */ = {isa = PBXBuildFile; fileRef = 089F1FDD29DDBBEA0017F476 /* Group_8_appApp.swift */; };
		089F1FE029DDBBEA0017F476 /* ContentView.swift in Sources */ = {isa = PBXBuildFile; fileRef = 089F1FDF29DDBBEA0017F476 /* ContentView.swift */; };
		089F1FE229DDBBEB0017F476 /* Assets.xcassets in Resources */ = {isa = PBXBuildFile; fileRef = 089F1FE129DDBBEB0017F476 /* Assets.xcassets */; };
		089F1FE529DDBBEB0017F476 /* Preview Assets.xcassets in Resources */ = {isa = PBXBuildFile; fileRef = 089F1FE429DDBBEB0017F476 /* Preview Assets.xcassets */; };
		089F1FEE29DDFAB90017F476 /* MowerControllerView.swift in Sources */ = {isa = PBXBuildFile; fileRef = 089F1FED29DDFAB90017F476 /* MowerControllerView.swift */; };
		089F1FF029DDFC520017F476 /* FlowMapView.swift in Sources */ = {isa = PBXBuildFile; fileRef = 089F1FEF29DDFC520017F476 /* FlowMapView.swift */; };
		089F1FF229DDFC7E0017F476 /* EventLogView.swift in Sources */ = {isa = PBXBuildFile; fileRef = 089F1FF129DDFC7E0017F476 /* EventLogView.swift */; };
		089F1FF429DDFCA40017F476 /* SettingsView.swift in Sources */ = {isa = PBXBuildFile; fileRef = 089F1FF329DDFCA40017F476 /* SettingsView.swift */; };
		E587C9BD2A1D0182002B51BE /* Config.plist in Resources */ = {isa = PBXBuildFile; fileRef = E587C9BC2A1D0182002B51BE /* Config.plist */; };
		E5C2ABAF29EED8530019A356 /* PositionData.swift in Sources */ = {isa = PBXBuildFile; fileRef = E5C2ABAE29EED8530019A356 /* PositionData.swift */; };
/* End PBXBuildFile section */

/* Begin PBXFileReference section */
		082058A52A1BC820006FAA92 /* Config.swift */ = {isa = PBXFileReference; lastKnownFileType = sourcecode.swift; path = Config.swift; sourceTree = "<group>"; };
		084A535A29E31373002A13CD /* JoyStickBackgroundView.swift */ = {isa = PBXFileReference; lastKnownFileType = sourcecode.swift; path = JoyStickBackgroundView.swift; sourceTree = "<group>"; };
		084A536229E3553D002A13CD /* JoyStickMiddleKnobView.swift */ = {isa = PBXFileReference; lastKnownFileType = sourcecode.swift; path = JoyStickMiddleKnobView.swift; sourceTree = "<group>"; };
		084A536629E35612002A13CD /* JoyStickKnobShadowView.swift */ = {isa = PBXFileReference; lastKnownFileType = sourcecode.swift; path = JoyStickKnobShadowView.swift; sourceTree = "<group>"; };
		084A536B29E35713002A13CD /* KnobView.swift */ = {isa = PBXFileReference; lastKnownFileType = sourcecode.swift; path = KnobView.swift; sourceTree = "<group>"; };
		084A536D29E35750002A13CD /* KnobTopCircles.swift */ = {isa = PBXFileReference; lastKnownFileType = sourcecode.swift; path = KnobTopCircles.swift; sourceTree = "<group>"; };
		08F8BA0E29EDF23B007CE4D7 /* ControllerButtonsView.swift in Sources */ = {isa = PBXBuildFile; fileRef = 08F8BA0D29EDF23B007CE4D7 /* ControllerButtonsView.swift */; };
/* End PBXBuildFile section */

/* Begin PBXFileReference section */
		0838EA0F29F2A71300491B9A /* AutoMoveButtonView.swift */ = {isa = PBXFileReference; fileEncoding = 4; lastKnownFileType = sourcecode.swift; name = AutoMoveButtonView.swift; path = Group_8_app/ControllerButtons/ArrowButtons/AutoMoveButtonView.swift; sourceTree = SOURCE_ROOT; };
		0838EA1129F2A71B00491B9A /* LeftRightArrowsView.swift */ = {isa = PBXFileReference; fileEncoding = 4; lastKnownFileType = sourcecode.swift; path = LeftRightArrowsView.swift; sourceTree = "<group>"; };
		0838EA1329F2A72500491B9A /* UpDownArrowsView.swift */ = {isa = PBXFileReference; fileEncoding = 4; lastKnownFileType = sourcecode.swift; path = UpDownArrowsView.swift; sourceTree = "<group>"; };
		0838EA1629F2B17400491B9A /* WebSocketClientSide.swift */ = {isa = PBXFileReference; lastKnownFileType = sourcecode.swift; path = WebSocketClientSide.swift; sourceTree = "<group>"; };
		088920E829F6ACBE0097EE30 /* IdleStateTracker.swift */ = {isa = PBXFileReference; lastKnownFileType = sourcecode.swift; path = IdleStateTracker.swift; sourceTree = "<group>"; };
		088920EA29F7F5000097EE30 /* AutoMoveState.swift */ = {isa = PBXFileReference; lastKnownFileType = sourcecode.swift; path = AutoMoveState.swift; sourceTree = "<group>"; };
		089F1FDA29DDBBEA0017F476 /* Group_8_app.app */ = {isa = PBXFileReference; explicitFileType = wrapper.application; includeInIndex = 0; path = Group_8_app.app; sourceTree = BUILT_PRODUCTS_DIR; };
		089F1FDD29DDBBEA0017F476 /* Group_8_appApp.swift */ = {isa = PBXFileReference; lastKnownFileType = sourcecode.swift; path = Group_8_appApp.swift; sourceTree = "<group>"; };
		089F1FDF29DDBBEA0017F476 /* ContentView.swift */ = {isa = PBXFileReference; lastKnownFileType = sourcecode.swift; path = ContentView.swift; sourceTree = "<group>"; };
		089F1FE129DDBBEB0017F476 /* Assets.xcassets */ = {isa = PBXFileReference; lastKnownFileType = folder.assetcatalog; path = Assets.xcassets; sourceTree = "<group>"; };
		089F1FE429DDBBEB0017F476 /* Preview Assets.xcassets */ = {isa = PBXFileReference; lastKnownFileType = folder.assetcatalog; path = "Preview Assets.xcassets"; sourceTree = "<group>"; };
		089F1FED29DDFAB90017F476 /* MowerControllerView.swift */ = {isa = PBXFileReference; lastKnownFileType = sourcecode.swift; path = MowerControllerView.swift; sourceTree = "<group>"; };
		089F1FEF29DDFC520017F476 /* FlowMapView.swift */ = {isa = PBXFileReference; lastKnownFileType = sourcecode.swift; path = FlowMapView.swift; sourceTree = "<group>"; };
		089F1FF129DDFC7E0017F476 /* EventLogView.swift */ = {isa = PBXFileReference; lastKnownFileType = sourcecode.swift; path = EventLogView.swift; sourceTree = "<group>"; };
		089F1FF329DDFCA40017F476 /* SettingsView.swift */ = {isa = PBXFileReference; lastKnownFileType = sourcecode.swift; path = SettingsView.swift; sourceTree = "<group>"; };
		E587C9BC2A1D0182002B51BE /* Config.plist */ = {isa = PBXFileReference; lastKnownFileType = text.plist.xml; path = Config.plist; sourceTree = "<group>"; };
		E5C2ABAE29EED8530019A356 /* PositionData.swift */ = {isa = PBXFileReference; lastKnownFileType = sourcecode.swift; path = PositionData.swift; sourceTree = "<group>"; };
		08F8BA0D29EDF23B007CE4D7 /* ControllerButtonsView.swift */ = {isa = PBXFileReference; lastKnownFileType = sourcecode.swift; path = ControllerButtonsView.swift; sourceTree = "<group>"; };
/* End PBXFileReference section */

/* Begin PBXFrameworksBuildPhase section */
		089F1FD729DDBBEA0017F476 /* Frameworks */ = {
			isa = PBXFrameworksBuildPhase;
			buildActionMask = 2147483647;
			files = (
			);
			runOnlyForDeploymentPostprocessing = 0;
		};
/* End PBXFrameworksBuildPhase section */

/* Begin PBXGroup section */
		0838EA0E29F2A6BF00491B9A /* MowerControllerComponents */ = {
			isa = PBXGroup;
			children = (
				0838EA1329F2A72500491B9A /* UpDownArrowsView.swift */,
				0838EA1129F2A71B00491B9A /* LeftRightArrowsView.swift */,
				0838EA0F29F2A71300491B9A /* AutoMoveButtonView.swift */,
			);
			path = MowerControllerComponents;
			sourceTree = "<group>";
		};
		0838EA1529F2B14B00491B9A /* WebSocketHandler */ = {
			isa = PBXGroup;
			children = (
				082058A52A1BC820006FAA92 /* Config.swift */,
				084A536B29E35713002A13CD /* KnobView.swift */,
				084A536D29E35750002A13CD /* KnobTopCircles.swift */,
				E5C2ABAE29EED8530019A356 /* PositionData.swift */,
				0838EA1629F2B17400491B9A /* WebSocketClientSide.swift */,
			);
			path = WebSocketHandler;
			sourceTree = "<group>";
		};
		088920E729F6ACA10097EE30 /* HelperClasses */ = {
			isa = PBXGroup;
			children = (
				088920E829F6ACBE0097EE30 /* IdleStateTracker.swift */,
				088920EA29F7F5000097EE30 /* AutoMoveState.swift */,
			);
			path = HelperClasses;
			sourceTree = "<group>";
		};
		089F1FD129DDBBEA0017F476 = {
			isa = PBXGroup;
			children = (
				089F1FDC29DDBBEA0017F476 /* Group_8_app */,
				089F1FDB29DDBBEA0017F476 /* Products */,
			);
			sourceTree = "<group>";
		};
		089F1FDB29DDBBEA0017F476 /* Products */ = {
			isa = PBXGroup;
			children = (
				089F1FDA29DDBBEA0017F476 /* Group_8_app.app */,
			);
			name = Products;
			sourceTree = "<group>";
		};
		089F1FDC29DDBBEA0017F476 /* Group_8_app */ = {
			isa = PBXGroup;
			children = (
				088920E729F6ACA10097EE30 /* HelperClasses */,
				0838EA1529F2B14B00491B9A /* WebSocketHandler */,
				08F8BA0F29EDF242007CE4D7 /* ControllerButtons */,
				089F1FDD29DDBBEA0017F476 /* Group_8_appApp.swift */,
				089F1FDF29DDBBEA0017F476 /* ContentView.swift */,
				089F1FF529DE250F0017F476 /* TabViews */,
				089F1FE129DDBBEB0017F476 /* Assets.xcassets */,
				089F1FE329DDBBEB0017F476 /* Preview Content */,
				E587C9BC2A1D0182002B51BE /* Config.plist */,
			);
			path = Group_8_app;
			sourceTree = "<group>";
		};
		089F1FE329DDBBEB0017F476 /* Preview Content */ = {
			isa = PBXGroup;
			children = (
				089F1FE429DDBBEB0017F476 /* Preview Assets.xcassets */,
			);
			path = "Preview Content";
			sourceTree = "<group>";
		};
		089F1FF529DE250F0017F476 /* TabViews */ = {
			isa = PBXGroup;
			children = (
				089F1FED29DDFAB90017F476 /* MowerControllerView.swift */,
				089F1FEF29DDFC520017F476 /* FlowMapView.swift */,
				089F1FF129DDFC7E0017F476 /* EventLogView.swift */,
				089F1FF329DDFCA40017F476 /* SettingsView.swift */,
			);
			path = TabViews;
			sourceTree = "<group>";
		};
		08F8BA0F29EDF242007CE4D7 /* ControllerButtons */ = {
			isa = PBXGroup;
			children = (
				0838EA0E29F2A6BF00491B9A /* MowerControllerComponents */,
				08F8BA0D29EDF23B007CE4D7 /* ControllerButtonsView.swift */,
			);
			path = ControllerButtons;
			sourceTree = "<group>";
		};
/* End PBXGroup section */

/* Begin PBXNativeTarget section */
		089F1FD929DDBBEA0017F476 /* Group_8_app */ = {
			isa = PBXNativeTarget;
			buildConfigurationList = 089F1FE829DDBBEB0017F476 /* Build configuration list for PBXNativeTarget "Group_8_app" */;
			buildPhases = (
				089F1FD629DDBBEA0017F476 /* Sources */,
				089F1FD729DDBBEA0017F476 /* Frameworks */,
				089F1FD829DDBBEA0017F476 /* Resources */,
			);
			buildRules = (
			);
			dependencies = (
			);
			name = Group_8_app;
			productName = Group_8_app;
			productReference = 089F1FDA29DDBBEA0017F476 /* Group_8_app.app */;
			productType = "com.apple.product-type.application";
		};
/* End PBXNativeTarget section */

/* Begin PBXProject section */
		089F1FD229DDBBEA0017F476 /* Project object */ = {
			isa = PBXProject;
			attributes = {
				BuildIndependentTargetsInParallel = 1;
				LastSwiftUpdateCheck = 1420;
				LastUpgradeCheck = 1420;
				TargetAttributes = {
					089F1FD929DDBBEA0017F476 = {
						CreatedOnToolsVersion = 14.2;
					};
				};
			};
			buildConfigurationList = 089F1FD529DDBBEA0017F476 /* Build configuration list for PBXProject "Group_8_app" */;
			compatibilityVersion = "Xcode 14.0";
			developmentRegion = en;
			hasScannedForEncodings = 0;
			knownRegions = (
				en,
				Base,
			);
			mainGroup = 089F1FD129DDBBEA0017F476;
			productRefGroup = 089F1FDB29DDBBEA0017F476 /* Products */;
			projectDirPath = "";
			projectRoot = "";
			targets = (
				089F1FD929DDBBEA0017F476 /* Group_8_app */,
			);
		};
/* End PBXProject section */

/* Begin PBXResourcesBuildPhase section */
		089F1FD829DDBBEA0017F476 /* Resources */ = {
			isa = PBXResourcesBuildPhase;
			buildActionMask = 2147483647;
			files = (
				089F1FE529DDBBEB0017F476 /* Preview Assets.xcassets in Resources */,
				E587C9BD2A1D0182002B51BE /* Config.plist in Resources */,
				089F1FE229DDBBEB0017F476 /* Assets.xcassets in Resources */,
			);
			runOnlyForDeploymentPostprocessing = 0;
		};
/* End PBXResourcesBuildPhase section */

/* Begin PBXSourcesBuildPhase section */
		089F1FD629DDBBEA0017F476 /* Sources */ = {
			isa = PBXSourcesBuildPhase;
			buildActionMask = 2147483647;
			files = (
				E5C2ABAF29EED8530019A356 /* PositionData.swift in Sources */,
				08F8BA0E29EDF23B007CE4D7 /* ControllerButtonsView.swift in Sources */,
				0838EA1429F2A72500491B9A /* UpDownArrowsView.swift in Sources */,
				089F1FF229DDFC7E0017F476 /* EventLogView.swift in Sources */,
				0838EA1029F2A71300491B9A /* AutoMoveButtonView.swift in Sources */,
				088920E929F6ACBE0097EE30 /* IdleStateTracker.swift in Sources */,
				089F1FE029DDBBEA0017F476 /* ContentView.swift in Sources */,
				089F1FF029DDFC520017F476 /* FlowMapView.swift in Sources */,
				089F1FF429DDFCA40017F476 /* SettingsView.swift in Sources */,
				088920EB29F7F5000097EE30 /* AutoMoveState.swift in Sources */,
				089F1FDE29DDBBEA0017F476 /* Group_8_appApp.swift in Sources */,
				082058A62A1BC820006FAA92 /* Config.swift in Sources */,
				0838EA1229F2A71B00491B9A /* LeftRightArrowsView.swift in Sources */,
				089F1FEE29DDFAB90017F476 /* MowerControllerView.swift in Sources */,
				0838EA1729F2B17400491B9A /* WebSocketClientSide.swift in Sources */,
			);
			runOnlyForDeploymentPostprocessing = 0;
		};
/* End PBXSourcesBuildPhase section */

/* Begin XCBuildConfiguration section */
		089F1FE629DDBBEB0017F476 /* Debug */ = {
			isa = XCBuildConfiguration;
			buildSettings = {
				ALWAYS_SEARCH_USER_PATHS = NO;
				CLANG_ANALYZER_NONNULL = YES;
				CLANG_ANALYZER_NUMBER_OBJECT_CONVERSION = YES_AGGRESSIVE;
				CLANG_CXX_LANGUAGE_STANDARD = "gnu++20";
				CLANG_ENABLE_MODULES = YES;
				CLANG_ENABLE_OBJC_ARC = YES;
				CLANG_ENABLE_OBJC_WEAK = YES;
				CLANG_WARN_BLOCK_CAPTURE_AUTORELEASING = YES;
				CLANG_WARN_BOOL_CONVERSION = YES;
				CLANG_WARN_COMMA = YES;
				CLANG_WARN_CONSTANT_CONVERSION = YES;
				CLANG_WARN_DEPRECATED_OBJC_IMPLEMENTATIONS = YES;
				CLANG_WARN_DIRECT_OBJC_ISA_USAGE = YES_ERROR;
				CLANG_WARN_DOCUMENTATION_COMMENTS = YES;
				CLANG_WARN_EMPTY_BODY = YES;
				CLANG_WARN_ENUM_CONVERSION = YES;
				CLANG_WARN_INFINITE_RECURSION = YES;
				CLANG_WARN_INT_CONVERSION = YES;
				CLANG_WARN_NON_LITERAL_NULL_CONVERSION = YES;
				CLANG_WARN_OBJC_IMPLICIT_RETAIN_SELF = YES;
				CLANG_WARN_OBJC_LITERAL_CONVERSION = YES;
				CLANG_WARN_OBJC_ROOT_CLASS = YES_ERROR;
				CLANG_WARN_QUOTED_INCLUDE_IN_FRAMEWORK_HEADER = YES;
				CLANG_WARN_RANGE_LOOP_ANALYSIS = YES;
				CLANG_WARN_STRICT_PROTOTYPES = YES;
				CLANG_WARN_SUSPICIOUS_MOVE = YES;
				CLANG_WARN_UNGUARDED_AVAILABILITY = YES_AGGRESSIVE;
				CLANG_WARN_UNREACHABLE_CODE = YES;
				CLANG_WARN__DUPLICATE_METHOD_MATCH = YES;
				COPY_PHASE_STRIP = NO;
				DEBUG_INFORMATION_FORMAT = dwarf;
				ENABLE_STRICT_OBJC_MSGSEND = YES;
				ENABLE_TESTABILITY = YES;
				GCC_C_LANGUAGE_STANDARD = gnu11;
				GCC_DYNAMIC_NO_PIC = NO;
				GCC_NO_COMMON_BLOCKS = YES;
				GCC_OPTIMIZATION_LEVEL = 0;
				GCC_PREPROCESSOR_DEFINITIONS = (
					"DEBUG=1",
					"$(inherited)",
				);
				GCC_WARN_64_TO_32_BIT_CONVERSION = YES;
				GCC_WARN_ABOUT_RETURN_TYPE = YES_ERROR;
				GCC_WARN_UNDECLARED_SELECTOR = YES;
				GCC_WARN_UNINITIALIZED_AUTOS = YES_AGGRESSIVE;
				GCC_WARN_UNUSED_FUNCTION = YES;
				GCC_WARN_UNUSED_VARIABLE = YES;
				IPHONEOS_DEPLOYMENT_TARGET = 16.2;
				MTL_ENABLE_DEBUG_INFO = INCLUDE_SOURCE;
				MTL_FAST_MATH = YES;
				ONLY_ACTIVE_ARCH = YES;
				SDKROOT = iphoneos;
				SWIFT_ACTIVE_COMPILATION_CONDITIONS = DEBUG;
				SWIFT_OPTIMIZATION_LEVEL = "-Onone";
			};
			name = Debug;
		};
		089F1FE729DDBBEB0017F476 /* Release */ = {
			isa = XCBuildConfiguration;
			buildSettings = {
				ALWAYS_SEARCH_USER_PATHS = NO;
				CLANG_ANALYZER_NONNULL = YES;
				CLANG_ANALYZER_NUMBER_OBJECT_CONVERSION = YES_AGGRESSIVE;
				CLANG_CXX_LANGUAGE_STANDARD = "gnu++20";
				CLANG_ENABLE_MODULES = YES;
				CLANG_ENABLE_OBJC_ARC = YES;
				CLANG_ENABLE_OBJC_WEAK = YES;
				CLANG_WARN_BLOCK_CAPTURE_AUTORELEASING = YES;
				CLANG_WARN_BOOL_CONVERSION = YES;
				CLANG_WARN_COMMA = YES;
				CLANG_WARN_CONSTANT_CONVERSION = YES;
				CLANG_WARN_DEPRECATED_OBJC_IMPLEMENTATIONS = YES;
				CLANG_WARN_DIRECT_OBJC_ISA_USAGE = YES_ERROR;
				CLANG_WARN_DOCUMENTATION_COMMENTS = YES;
				CLANG_WARN_EMPTY_BODY = YES;
				CLANG_WARN_ENUM_CONVERSION = YES;
				CLANG_WARN_INFINITE_RECURSION = YES;
				CLANG_WARN_INT_CONVERSION = YES;
				CLANG_WARN_NON_LITERAL_NULL_CONVERSION = YES;
				CLANG_WARN_OBJC_IMPLICIT_RETAIN_SELF = YES;
				CLANG_WARN_OBJC_LITERAL_CONVERSION = YES;
				CLANG_WARN_OBJC_ROOT_CLASS = YES_ERROR;
				CLANG_WARN_QUOTED_INCLUDE_IN_FRAMEWORK_HEADER = YES;
				CLANG_WARN_RANGE_LOOP_ANALYSIS = YES;
				CLANG_WARN_STRICT_PROTOTYPES = YES;
				CLANG_WARN_SUSPICIOUS_MOVE = YES;
				CLANG_WARN_UNGUARDED_AVAILABILITY = YES_AGGRESSIVE;
				CLANG_WARN_UNREACHABLE_CODE = YES;
				CLANG_WARN__DUPLICATE_METHOD_MATCH = YES;
				COPY_PHASE_STRIP = NO;
				DEBUG_INFORMATION_FORMAT = "dwarf-with-dsym";
				ENABLE_NS_ASSERTIONS = NO;
				ENABLE_STRICT_OBJC_MSGSEND = YES;
				GCC_C_LANGUAGE_STANDARD = gnu11;
				GCC_NO_COMMON_BLOCKS = YES;
				GCC_WARN_64_TO_32_BIT_CONVERSION = YES;
				GCC_WARN_ABOUT_RETURN_TYPE = YES_ERROR;
				GCC_WARN_UNDECLARED_SELECTOR = YES;
				GCC_WARN_UNINITIALIZED_AUTOS = YES_AGGRESSIVE;
				GCC_WARN_UNUSED_FUNCTION = YES;
				GCC_WARN_UNUSED_VARIABLE = YES;
				IPHONEOS_DEPLOYMENT_TARGET = 16.2;
				MTL_ENABLE_DEBUG_INFO = NO;
				MTL_FAST_MATH = YES;
				SDKROOT = iphoneos;
				SWIFT_COMPILATION_MODE = wholemodule;
				SWIFT_OPTIMIZATION_LEVEL = "-O";
				VALIDATE_PRODUCT = YES;
			};
			name = Release;
		};
		089F1FE929DDBBEB0017F476 /* Debug */ = {
			isa = XCBuildConfiguration;
			buildSettings = {
				ASSETCATALOG_COMPILER_APPICON_NAME = AppIcon;
				ASSETCATALOG_COMPILER_GLOBAL_ACCENT_COLOR_NAME = AccentColor;
				CODE_SIGN_STYLE = Automatic;
				CURRENT_PROJECT_VERSION = 1;
				DEVELOPMENT_ASSET_PATHS = "\"Group_8_app/Preview Content\"";
				DEVELOPMENT_TEAM = 3C4VZ8KHA2;
				ENABLE_PREVIEWS = YES;
				GENERATE_INFOPLIST_FILE = YES;
				INFOPLIST_KEY_NSBluetoothAlwaysUsageDescription = "Allow for bluetooth use";
				INFOPLIST_KEY_NSBluetoothPeripheralUsageDescription = "Allow application to use bluetooth for discovering peripherals?";
				INFOPLIST_KEY_UIApplicationSceneManifest_Generation = YES;
				INFOPLIST_KEY_UIApplicationSupportsIndirectInputEvents = YES;
				INFOPLIST_KEY_UILaunchScreen_Generation = YES;
				INFOPLIST_KEY_UISupportedInterfaceOrientations_iPad = "UIInterfaceOrientationPortrait UIInterfaceOrientationPortraitUpsideDown UIInterfaceOrientationLandscapeLeft UIInterfaceOrientationLandscapeRight";
				INFOPLIST_KEY_UISupportedInterfaceOrientations_iPhone = "UIInterfaceOrientationPortrait UIInterfaceOrientationLandscapeLeft UIInterfaceOrientationLandscapeRight";
				LD_RUNPATH_SEARCH_PATHS = (
					"$(inherited)",
					"@executable_path/Frameworks",
				);
				MARKETING_VERSION = 1.0;
				PRODUCT_BUNDLE_IDENTIFIER = "kyrollosceriacous.Group-8-app";
				PRODUCT_NAME = "$(TARGET_NAME)";
				SWIFT_EMIT_LOC_STRINGS = YES;
				SWIFT_VERSION = 5.0;
				TARGETED_DEVICE_FAMILY = "1,2";
			};
			name = Debug;
		};
		089F1FEA29DDBBEB0017F476 /* Release */ = {
			isa = XCBuildConfiguration;
			buildSettings = {
				ASSETCATALOG_COMPILER_APPICON_NAME = AppIcon;
				ASSETCATALOG_COMPILER_GLOBAL_ACCENT_COLOR_NAME = AccentColor;
				CODE_SIGN_STYLE = Automatic;
				CURRENT_PROJECT_VERSION = 1;
				DEVELOPMENT_ASSET_PATHS = "\"Group_8_app/Preview Content\"";
				DEVELOPMENT_TEAM = 3C4VZ8KHA2;
				ENABLE_PREVIEWS = YES;
				GENERATE_INFOPLIST_FILE = YES;
				INFOPLIST_KEY_NSBluetoothAlwaysUsageDescription = "Allow for bluetooth use";
				INFOPLIST_KEY_NSBluetoothPeripheralUsageDescription = "Allow application to use bluetooth for discovering peripherals?";
				INFOPLIST_KEY_UIApplicationSceneManifest_Generation = YES;
				INFOPLIST_KEY_UIApplicationSupportsIndirectInputEvents = YES;
				INFOPLIST_KEY_UILaunchScreen_Generation = YES;
				INFOPLIST_KEY_UISupportedInterfaceOrientations_iPad = "UIInterfaceOrientationPortrait UIInterfaceOrientationPortraitUpsideDown UIInterfaceOrientationLandscapeLeft UIInterfaceOrientationLandscapeRight";
				INFOPLIST_KEY_UISupportedInterfaceOrientations_iPhone = "UIInterfaceOrientationPortrait UIInterfaceOrientationLandscapeLeft UIInterfaceOrientationLandscapeRight";
				LD_RUNPATH_SEARCH_PATHS = (
					"$(inherited)",
					"@executable_path/Frameworks",
				);
				MARKETING_VERSION = 1.0;
				PRODUCT_BUNDLE_IDENTIFIER = "kyrollosceriacous.Group-8-app";
				PRODUCT_NAME = "$(TARGET_NAME)";
				SWIFT_EMIT_LOC_STRINGS = YES;
				SWIFT_VERSION = 5.0;
				TARGETED_DEVICE_FAMILY = "1,2";
			};
			name = Release;
		};
/* End XCBuildConfiguration section */

/* Begin XCConfigurationList section */
		089F1FD529DDBBEA0017F476 /* Build configuration list for PBXProject "Group_8_app" */ = {
			isa = XCConfigurationList;
			buildConfigurations = (
				089F1FE629DDBBEB0017F476 /* Debug */,
				089F1FE729DDBBEB0017F476 /* Release */,
			);
			defaultConfigurationIsVisible = 0;
			defaultConfigurationName = Release;
		};
		089F1FE829DDBBEB0017F476 /* Build configuration list for PBXNativeTarget "Group_8_app" */ = {
			isa = XCConfigurationList;
			buildConfigurations = (
				089F1FE929DDBBEB0017F476 /* Debug */,
				089F1FEA29DDBBEB0017F476 /* Release */,
			);
			defaultConfigurationIsVisible = 0;
			defaultConfigurationName = Release;
		};
/* End XCConfigurationList section */
	};
	rootObject = 089F1FD229DDBBEA0017F476 /* Project object */;
}
